
Microsoft Visual Studio Solution File, Format Version 12.00
# Visual Studio Version 16
VisualStudioVersion = 16.0.29326.143
MinimumVisualStudioVersion = 10.0.40219.1
Project("{9A19103F-16F7-4668-BE54-9A1E7A4F7556}") = "TVNApp", "TVNApp.API\TVNApp.csproj", "{208056B1-D7C1-45DF-BFDD-6719454312E8}"
EndProject
Global
	GlobalSection(SolutionConfigurationPlatforms) = preSolution
		Debug|Any CPU = Debug|Any CPU
		Release|Any CPU = Release|Any CPU
	EndGlobalSection
	GlobalSection(ProjectConfigurationPlatforms) = postSolution
		{208056B1-D7C1-45DF-BFDD-6719454312E8}.Debug|Any CPU.ActiveCfg = Debug|Any CPU
		{208056B1-D7C1-45DF-BFDD-6719454312E8}.Debug|Any CPU.Build.0 = Debug|Any CPU
		{208056B1-D7C1-45DF-BFDD-6719454312E8}.Release|Any CPU.ActiveCfg = Release|Any CPU
		{208056B1-D7C1-45DF-BFDD-6719454312E8}.Release|Any CPU.Build.0 = Release|Any CPU
	EndGlobalSection
	GlobalSection(SolutionProperties) = preSolution
		HideSolutionNode = FALSE
	EndGlobalSection
	GlobalSection(ExtensibilityGlobals) = postSolution
		SolutionGuid = {37F98977-44B6-4CE9-800E-BDDFBAE6C3C9}
	EndGlobalSection
EndGlobal
